// !$*UTF8*$!
{
	archiveVersion = 1;
	classes = {
	};
	objectVersion = 56;
	objects = {

/* Begin PBXBuildFile section */
		720C3C5B2B6315EB00E361D3 /* LoginViewController.swift in Sources */ = {isa = PBXBuildFile; fileRef = 720C3C5A2B6315EB00E361D3 /* LoginViewController.swift */; };
		720C3C5D2B6315FC00E361D3 /* RegisterViewController.swift in Sources */ = {isa = PBXBuildFile; fileRef = 720C3C5C2B6315FC00E361D3 /* RegisterViewController.swift */; };
		720C3C5F2B63166300E361D3 /* PhotoViewerViewController.swift in Sources */ = {isa = PBXBuildFile; fileRef = 720C3C5E2B63166300E361D3 /* PhotoViewerViewController.swift */; };
		720C3C612B63167500E361D3 /* VideoPlayerViewController.swift in Sources */ = {isa = PBXBuildFile; fileRef = 720C3C602B63167500E361D3 /* VideoPlayerViewController.swift */; };
		720C3C632B6316DB00E361D3 /* NewConversationViewController.swift in Sources */ = {isa = PBXBuildFile; fileRef = 720C3C622B6316DB00E361D3 /* NewConversationViewController.swift */; };
		720C3C652B63171300E361D3 /* ProfileViewController.swift in Sources */ = {isa = PBXBuildFile; fileRef = 720C3C642B63171300E361D3 /* ProfileViewController.swift */; };
		720C3C692B631ECB00E361D3 /* UIView+Extensions.swift in Sources */ = {isa = PBXBuildFile; fileRef = 720C3C682B631ECB00E361D3 /* UIView+Extensions.swift */; };
		7215CEF92B656893004A8ADF /* FirebaseAuth in Frameworks */ = {isa = PBXBuildFile; productRef = 7215CEF82B656893004A8ADF /* FirebaseAuth */; };
		7215CEFB2B656893004A8ADF /* FirebaseDatabase in Frameworks */ = {isa = PBXBuildFile; productRef = 7215CEFA2B656893004A8ADF /* FirebaseDatabase */; };
		7215CEFD2B656893004A8ADF /* FirebaseFirestore in Frameworks */ = {isa = PBXBuildFile; productRef = 7215CEFC2B656893004A8ADF /* FirebaseFirestore */; };
		7215CEFF2B656893004A8ADF /* FirebaseFirestoreSwift in Frameworks */ = {isa = PBXBuildFile; productRef = 7215CEFE2B656893004A8ADF /* FirebaseFirestoreSwift */; };
		7215CF012B656893004A8ADF /* FirebaseStorage in Frameworks */ = {isa = PBXBuildFile; productRef = 7215CF002B656893004A8ADF /* FirebaseStorage */; };
		7215CF032B656A0E004A8ADF /* GoogleService-Info.plist in Resources */ = {isa = PBXBuildFile; fileRef = 7215CF022B656A0E004A8ADF /* GoogleService-Info.plist */; };
		728156302B66DE94007665BC /* FirebaseAnalytics in Frameworks */ = {isa = PBXBuildFile; productRef = 7281562F2B66DE94007665BC /* FirebaseAnalytics */; };
		728156322B66DE94007665BC /* FirebaseAnalyticsOnDeviceConversion in Frameworks */ = {isa = PBXBuildFile; productRef = 728156312B66DE94007665BC /* FirebaseAnalyticsOnDeviceConversion */; };
		728156342B66DE95007665BC /* FirebaseAuth in Frameworks */ = {isa = PBXBuildFile; productRef = 728156332B66DE95007665BC /* FirebaseAuth */; };
		728156362B66DE95007665BC /* FirebaseDatabase in Frameworks */ = {isa = PBXBuildFile; productRef = 728156352B66DE95007665BC /* FirebaseDatabase */; };
		728156382B66DE95007665BC /* FirebaseFirestore in Frameworks */ = {isa = PBXBuildFile; productRef = 728156372B66DE95007665BC /* FirebaseFirestore */; };
		7281563A2B66DE95007665BC /* FirebaseFirestoreSwift in Frameworks */ = {isa = PBXBuildFile; productRef = 728156392B66DE95007665BC /* FirebaseFirestoreSwift */; };
		7281563C2B66DE95007665BC /* FirebaseStorage in Frameworks */ = {isa = PBXBuildFile; productRef = 7281563B2B66DE95007665BC /* FirebaseStorage */; };
		7281563E2B66DE95007665BC /* FirebaseStorageCombine-Community in Frameworks */ = {isa = PBXBuildFile; productRef = 7281563D2B66DE95007665BC /* FirebaseStorageCombine-Community */; };
		7294D4E32B66E1A400C22673 /* DatabaseManager.swift in Sources */ = {isa = PBXBuildFile; fileRef = 7294D4E22B66E1A400C22673 /* DatabaseManager.swift */; };
		7294D4E52B66E8E800C22673 /* ChatAppUser.swift in Sources */ = {isa = PBXBuildFile; fileRef = 7294D4E42B66E8E800C22673 /* ChatAppUser.swift */; };
		729DB3222B630F0B005448FE /* AppDelegate.swift in Sources */ = {isa = PBXBuildFile; fileRef = 729DB3212B630F0B005448FE /* AppDelegate.swift */; };
		729DB3242B630F0B005448FE /* SceneDelegate.swift in Sources */ = {isa = PBXBuildFile; fileRef = 729DB3232B630F0B005448FE /* SceneDelegate.swift */; };
		729DB3262B630F0B005448FE /* ConversationsViewController.swift in Sources */ = {isa = PBXBuildFile; fileRef = 729DB3252B630F0B005448FE /* ConversationsViewController.swift */; };
		729DB3292B630F0B005448FE /* Main.storyboard in Resources */ = {isa = PBXBuildFile; fileRef = 729DB3272B630F0B005448FE /* Main.storyboard */; };
		729DB32B2B630F0D005448FE /* Assets.xcassets in Resources */ = {isa = PBXBuildFile; fileRef = 729DB32A2B630F0D005448FE /* Assets.xcassets */; };
		729DB32E2B630F0D005448FE /* LaunchScreen.storyboard in Resources */ = {isa = PBXBuildFile; fileRef = 729DB32C2B630F0D005448FE /* LaunchScreen.storyboard */; };
/* End PBXBuildFile section */

/* Begin PBXFileReference section */
		720C3C5A2B6315EB00E361D3 /* LoginViewController.swift */ = {isa = PBXFileReference; lastKnownFileType = sourcecode.swift; path = LoginViewController.swift; sourceTree = "<group>"; };
		720C3C5C2B6315FC00E361D3 /* RegisterViewController.swift */ = {isa = PBXFileReference; lastKnownFileType = sourcecode.swift; path = RegisterViewController.swift; sourceTree = "<group>"; };
		720C3C5E2B63166300E361D3 /* PhotoViewerViewController.swift */ = {isa = PBXFileReference; lastKnownFileType = sourcecode.swift; path = PhotoViewerViewController.swift; sourceTree = "<group>"; };
		720C3C602B63167500E361D3 /* VideoPlayerViewController.swift */ = {isa = PBXFileReference; lastKnownFileType = sourcecode.swift; path = VideoPlayerViewController.swift; sourceTree = "<group>"; };
		720C3C622B6316DB00E361D3 /* NewConversationViewController.swift */ = {isa = PBXFileReference; lastKnownFileType = sourcecode.swift; path = NewConversationViewController.swift; sourceTree = "<group>"; };
		720C3C642B63171300E361D3 /* ProfileViewController.swift */ = {isa = PBXFileReference; lastKnownFileType = sourcecode.swift; path = ProfileViewController.swift; sourceTree = "<group>"; };
		720C3C682B631ECB00E361D3 /* UIView+Extensions.swift */ = {isa = PBXFileReference; lastKnownFileType = sourcecode.swift; path = "UIView+Extensions.swift"; sourceTree = "<group>"; };
		7215CF022B656A0E004A8ADF /* GoogleService-Info.plist */ = {isa = PBXFileReference; fileEncoding = 4; lastKnownFileType = text.plist.xml; path = "GoogleService-Info.plist"; sourceTree = "<group>"; };
		7294D4E22B66E1A400C22673 /* DatabaseManager.swift */ = {isa = PBXFileReference; lastKnownFileType = sourcecode.swift; path = DatabaseManager.swift; sourceTree = "<group>"; };
		7294D4E42B66E8E800C22673 /* ChatAppUser.swift */ = {isa = PBXFileReference; lastKnownFileType = sourcecode.swift; path = ChatAppUser.swift; sourceTree = "<group>"; };
		729DB31E2B630F0B005448FE /* Messenger.app */ = {isa = PBXFileReference; explicitFileType = wrapper.application; includeInIndex = 0; path = Messenger.app; sourceTree = BUILT_PRODUCTS_DIR; };
		729DB3212B630F0B005448FE /* AppDelegate.swift */ = {isa = PBXFileReference; lastKnownFileType = sourcecode.swift; path = AppDelegate.swift; sourceTree = "<group>"; };
		729DB3232B630F0B005448FE /* SceneDelegate.swift */ = {isa = PBXFileReference; lastKnownFileType = sourcecode.swift; path = SceneDelegate.swift; sourceTree = "<group>"; };
		729DB3252B630F0B005448FE /* ConversationsViewController.swift */ = {isa = PBXFileReference; lastKnownFileType = sourcecode.swift; path = ConversationsViewController.swift; sourceTree = "<group>"; };
		729DB3282B630F0B005448FE /* Base */ = {isa = PBXFileReference; lastKnownFileType = file.storyboard; name = Base; path = Base.lproj/Main.storyboard; sourceTree = "<group>"; };
		729DB32A2B630F0D005448FE /* Assets.xcassets */ = {isa = PBXFileReference; lastKnownFileType = folder.assetcatalog; path = Assets.xcassets; sourceTree = "<group>"; };
		729DB32D2B630F0D005448FE /* Base */ = {isa = PBXFileReference; lastKnownFileType = file.storyboard; name = Base; path = Base.lproj/LaunchScreen.storyboard; sourceTree = "<group>"; };
		729DB32F2B630F0D005448FE /* Info.plist */ = {isa = PBXFileReference; lastKnownFileType = text.plist.xml; path = Info.plist; sourceTree = "<group>"; };
/* End PBXFileReference section */

/* Begin PBXFrameworksBuildPhase section */
		729DB31B2B630F0B005448FE /* Frameworks */ = {
			isa = PBXFrameworksBuildPhase;
			buildActionMask = 2147483647;
			files = (
				7215CEFB2B656893004A8ADF /* FirebaseDatabase in Frameworks */,
				7215CEF92B656893004A8ADF /* FirebaseAuth in Frameworks */,
				728156302B66DE94007665BC /* FirebaseAnalytics in Frameworks */,
				7281563E2B66DE95007665BC /* FirebaseStorageCombine-Community in Frameworks */,
				728156382B66DE95007665BC /* FirebaseFirestore in Frameworks */,
				728156322B66DE94007665BC /* FirebaseAnalyticsOnDeviceConversion in Frameworks */,
				7281563C2B66DE95007665BC /* FirebaseStorage in Frameworks */,
				7281563A2B66DE95007665BC /* FirebaseFirestoreSwift in Frameworks */,
				7215CEFD2B656893004A8ADF /* FirebaseFirestore in Frameworks */,
				7215CF012B656893004A8ADF /* FirebaseStorage in Frameworks */,
				728156362B66DE95007665BC /* FirebaseDatabase in Frameworks */,
				7215CEFF2B656893004A8ADF /* FirebaseFirestoreSwift in Frameworks */,
				728156342B66DE95007665BC /* FirebaseAuth in Frameworks */,
			);
			runOnlyForDeploymentPostprocessing = 0;
		};
/* End PBXFrameworksBuildPhase section */

/* Begin PBXGroup section */
		720C3C662B63180A00E361D3 /* Login */ = {
			isa = PBXGroup;
			children = (
				720C3C5A2B6315EB00E361D3 /* LoginViewController.swift */,
				720C3C5C2B6315FC00E361D3 /* RegisterViewController.swift */,
			);
			path = Login;
			sourceTree = "<group>";
		};
		720C3C672B631EAB00E361D3 /* Extensions */ = {
			isa = PBXGroup;
			children = (
				720C3C682B631ECB00E361D3 /* UIView+Extensions.swift */,
			);
			path = Extensions;
			sourceTree = "<group>";
		};
		722BC3A92B63135F00E802EC /* Controllers */ = {
			isa = PBXGroup;
			children = (
				720C3C662B63180A00E361D3 /* Login */,
				729DB3252B630F0B005448FE /* ConversationsViewController.swift */,
				720C3C622B6316DB00E361D3 /* NewConversationViewController.swift */,
				720C3C5E2B63166300E361D3 /* PhotoViewerViewController.swift */,
				720C3C642B63171300E361D3 /* ProfileViewController.swift */,
				720C3C602B63167500E361D3 /* VideoPlayerViewController.swift */,
			);
			path = Controllers;
			sourceTree = "<group>";
		};
		722BC3AA2B63137200E802EC /* Views */ = {
			isa = PBXGroup;
			children = (
				722BC3AF2B63140F00E802EC /* Storyboards */,
			);
			path = Views;
			sourceTree = "<group>";
		};
		722BC3AB2B63137600E802EC /* Models */ = {
			isa = PBXGroup;
			children = (
				7294D4E42B66E8E800C22673 /* ChatAppUser.swift */,
			);
			path = Models;
			sourceTree = "<group>";
		};
		722BC3AC2B63137C00E802EC /* ViewModels */ = {
			isa = PBXGroup;
			children = (
			);
			path = ViewModels;
			sourceTree = "<group>";
		};
		722BC3AD2B63138800E802EC /* Resources */ = {
			isa = PBXGroup;
			children = (
				729DB32A2B630F0D005448FE /* Assets.xcassets */,
			);
			path = Resources;
			sourceTree = "<group>";
		};
		722BC3AE2B6313AE00E802EC /* App */ = {
			isa = PBXGroup;
			children = (
				729DB3212B630F0B005448FE /* AppDelegate.swift */,
				729DB3232B630F0B005448FE /* SceneDelegate.swift */,
			);
			path = App;
			sourceTree = "<group>";
		};
		722BC3AF2B63140F00E802EC /* Storyboards */ = {
			isa = PBXGroup;
			children = (
				729DB32C2B630F0D005448FE /* LaunchScreen.storyboard */,
				729DB3272B630F0B005448FE /* Main.storyboard */,
			);
			path = Storyboards;
			sourceTree = "<group>";
		};
		7294D4E12B66E19200C22673 /* Services */ = {
			isa = PBXGroup;
			children = (
				7294D4E22B66E1A400C22673 /* DatabaseManager.swift */,
			);
			path = Services;
			sourceTree = "<group>";
		};
		729DB3152B630F0B005448FE = {
			isa = PBXGroup;
			children = (
				729DB3202B630F0B005448FE /* Messenger */,
				729DB31F2B630F0B005448FE /* Products */,
			);
			sourceTree = "<group>";
		};
		729DB31F2B630F0B005448FE /* Products */ = {
			isa = PBXGroup;
			children = (
				729DB31E2B630F0B005448FE /* Messenger.app */,
			);
			name = Products;
			sourceTree = "<group>";
		};
		729DB3202B630F0B005448FE /* Messenger */ = {
			isa = PBXGroup;
			children = (
				722BC3AE2B6313AE00E802EC /* App */,
				722BC3A92B63135F00E802EC /* Controllers */,
				720C3C672B631EAB00E361D3 /* Extensions */,
				7215CF022B656A0E004A8ADF /* GoogleService-Info.plist */,
				729DB32F2B630F0D005448FE /* Info.plist */,
				722BC3AB2B63137600E802EC /* Models */,
				722BC3AD2B63138800E802EC /* Resources */,
				7294D4E12B66E19200C22673 /* Services */,
				722BC3AC2B63137C00E802EC /* ViewModels */,
				722BC3AA2B63137200E802EC /* Views */,
			);
			path = Messenger;
			sourceTree = "<group>";
		};
/* End PBXGroup section */

/* Begin PBXNativeTarget section */
		729DB31D2B630F0B005448FE /* Messenger */ = {
			isa = PBXNativeTarget;
			buildConfigurationList = 729DB3322B630F0D005448FE /* Build configuration list for PBXNativeTarget "Messenger" */;
			buildPhases = (
				729DB31A2B630F0B005448FE /* Sources */,
				729DB31B2B630F0B005448FE /* Frameworks */,
				729DB31C2B630F0B005448FE /* Resources */,
			);
			buildRules = (
			);
			dependencies = (
			);
			name = Messenger;
			packageProductDependencies = (
				7215CEF82B656893004A8ADF /* FirebaseAuth */,
				7215CEFA2B656893004A8ADF /* FirebaseDatabase */,
				7215CEFC2B656893004A8ADF /* FirebaseFirestore */,
				7215CEFE2B656893004A8ADF /* FirebaseFirestoreSwift */,
				7215CF002B656893004A8ADF /* FirebaseStorage */,
				7281562F2B66DE94007665BC /* FirebaseAnalytics */,
				728156312B66DE94007665BC /* FirebaseAnalyticsOnDeviceConversion */,
				728156332B66DE95007665BC /* FirebaseAuth */,
				728156352B66DE95007665BC /* FirebaseDatabase */,
				728156372B66DE95007665BC /* FirebaseFirestore */,
				728156392B66DE95007665BC /* FirebaseFirestoreSwift */,
				7281563B2B66DE95007665BC /* FirebaseStorage */,
				7281563D2B66DE95007665BC /* FirebaseStorageCombine-Community */,
			);
			productName = Messenger;
			productReference = 729DB31E2B630F0B005448FE /* Messenger.app */;
			productType = "com.apple.product-type.application";
		};
/* End PBXNativeTarget section */

/* Begin PBXProject section */
		729DB3162B630F0B005448FE /* Project object */ = {
			isa = PBXProject;
			attributes = {
				BuildIndependentTargetsInParallel = 1;
				LastSwiftUpdateCheck = 1510;
				LastUpgradeCheck = 1510;
				TargetAttributes = {
					729DB31D2B630F0B005448FE = {
						CreatedOnToolsVersion = 15.1;
					};
				};
			};
			buildConfigurationList = 729DB3192B630F0B005448FE /* Build configuration list for PBXProject "Messenger" */;
			compatibilityVersion = "Xcode 14.0";
			developmentRegion = en;
			hasScannedForEncodings = 0;
			knownRegions = (
				en,
				Base,
			);
			mainGroup = 729DB3152B630F0B005448FE;
			packageReferences = (
				7215CEF72B656893004A8ADF /* XCRemoteSwiftPackageReference "firebase-ios-sdk" */,
			);
			productRefGroup = 729DB31F2B630F0B005448FE /* Products */;
			projectDirPath = "";
			projectRoot = "";
			targets = (
				729DB31D2B630F0B005448FE /* Messenger */,
			);
		};
/* End PBXProject section */

/* Begin PBXResourcesBuildPhase section */
		729DB31C2B630F0B005448FE /* Resources */ = {
			isa = PBXResourcesBuildPhase;
			buildActionMask = 2147483647;
			files = (
				729DB32E2B630F0D005448FE /* LaunchScreen.storyboard in Resources */,
				7215CF032B656A0E004A8ADF /* GoogleService-Info.plist in Resources */,
				729DB32B2B630F0D005448FE /* Assets.xcassets in Resources */,
				729DB3292B630F0B005448FE /* Main.storyboard in Resources */,
			);
			runOnlyForDeploymentPostprocessing = 0;
		};
/* End PBXResourcesBuildPhase section */

/* Begin PBXSourcesBuildPhase section */
		729DB31A2B630F0B005448FE /* Sources */ = {
			isa = PBXSourcesBuildPhase;
			buildActionMask = 2147483647;
			files = (
				720C3C5B2B6315EB00E361D3 /* LoginViewController.swift in Sources */,
				7294D4E32B66E1A400C22673 /* DatabaseManager.swift in Sources */,
				720C3C5D2B6315FC00E361D3 /* RegisterViewController.swift in Sources */,
				720C3C692B631ECB00E361D3 /* UIView+Extensions.swift in Sources */,
				7294D4E52B66E8E800C22673 /* ChatAppUser.swift in Sources */,
				720C3C632B6316DB00E361D3 /* NewConversationViewController.swift in Sources */,
				729DB3262B630F0B005448FE /* ConversationsViewController.swift in Sources */,
				720C3C612B63167500E361D3 /* VideoPlayerViewController.swift in Sources */,
				729DB3222B630F0B005448FE /* AppDelegate.swift in Sources */,
				720C3C652B63171300E361D3 /* ProfileViewController.swift in Sources */,
				729DB3242B630F0B005448FE /* SceneDelegate.swift in Sources */,
				720C3C5F2B63166300E361D3 /* PhotoViewerViewController.swift in Sources */,
			);
			runOnlyForDeploymentPostprocessing = 0;
		};
/* End PBXSourcesBuildPhase section */

/* Begin PBXVariantGroup section */
		729DB3272B630F0B005448FE /* Main.storyboard */ = {
			isa = PBXVariantGroup;
			children = (
				729DB3282B630F0B005448FE /* Base */,
			);
			name = Main.storyboard;
			sourceTree = "<group>";
		};
		729DB32C2B630F0D005448FE /* LaunchScreen.storyboard */ = {
			isa = PBXVariantGroup;
			children = (
				729DB32D2B630F0D005448FE /* Base */,
			);
			name = LaunchScreen.storyboard;
			sourceTree = "<group>";
		};
/* End PBXVariantGroup section */

/* Begin XCBuildConfiguration section */
		729DB3302B630F0D005448FE /* Debug */ = {
			isa = XCBuildConfiguration;
			buildSettings = {
				ALWAYS_SEARCH_USER_PATHS = NO;
				ASSETCATALOG_COMPILER_GENERATE_SWIFT_ASSET_SYMBOL_EXTENSIONS = YES;
				CLANG_ANALYZER_NONNULL = YES;
				CLANG_ANALYZER_NUMBER_OBJECT_CONVERSION = YES_AGGRESSIVE;
				CLANG_CXX_LANGUAGE_STANDARD = "gnu++20";
				CLANG_ENABLE_MODULES = YES;
				CLANG_ENABLE_OBJC_ARC = YES;
				CLANG_ENABLE_OBJC_WEAK = YES;
				CLANG_WARN_BLOCK_CAPTURE_AUTORELEASING = YES;
				CLANG_WARN_BOOL_CONVERSION = YES;
				CLANG_WARN_COMMA = YES;
				CLANG_WARN_CONSTANT_CONVERSION = YES;
				CLANG_WARN_DEPRECATED_OBJC_IMPLEMENTATIONS = YES;
				CLANG_WARN_DIRECT_OBJC_ISA_USAGE = YES_ERROR;
				CLANG_WARN_DOCUMENTATION_COMMENTS = YES;
				CLANG_WARN_EMPTY_BODY = YES;
				CLANG_WARN_ENUM_CONVERSION = YES;
				CLANG_WARN_INFINITE_RECURSION = YES;
				CLANG_WARN_INT_CONVERSION = YES;
				CLANG_WARN_NON_LITERAL_NULL_CONVERSION = YES;
				CLANG_WARN_OBJC_IMPLICIT_RETAIN_SELF = YES;
				CLANG_WARN_OBJC_LITERAL_CONVERSION = YES;
				CLANG_WARN_OBJC_ROOT_CLASS = YES_ERROR;
				CLANG_WARN_QUOTED_INCLUDE_IN_FRAMEWORK_HEADER = YES;
				CLANG_WARN_RANGE_LOOP_ANALYSIS = YES;
				CLANG_WARN_STRICT_PROTOTYPES = YES;
				CLANG_WARN_SUSPICIOUS_MOVE = YES;
				CLANG_WARN_UNGUARDED_AVAILABILITY = YES_AGGRESSIVE;
				CLANG_WARN_UNREACHABLE_CODE = YES;
				CLANG_WARN__DUPLICATE_METHOD_MATCH = YES;
				COPY_PHASE_STRIP = NO;
				DEBUG_INFORMATION_FORMAT = dwarf;
				ENABLE_STRICT_OBJC_MSGSEND = YES;
				ENABLE_TESTABILITY = YES;
				ENABLE_USER_SCRIPT_SANDBOXING = YES;
				GCC_C_LANGUAGE_STANDARD = gnu17;
				GCC_DYNAMIC_NO_PIC = NO;
				GCC_NO_COMMON_BLOCKS = YES;
				GCC_OPTIMIZATION_LEVEL = 0;
				GCC_PREPROCESSOR_DEFINITIONS = (
					"DEBUG=1",
					"$(inherited)",
				);
				GCC_WARN_64_TO_32_BIT_CONVERSION = YES;
				GCC_WARN_ABOUT_RETURN_TYPE = YES_ERROR;
				GCC_WARN_UNDECLARED_SELECTOR = YES;
				GCC_WARN_UNINITIALIZED_AUTOS = YES_AGGRESSIVE;
				GCC_WARN_UNUSED_FUNCTION = YES;
				GCC_WARN_UNUSED_VARIABLE = YES;
				IPHONEOS_DEPLOYMENT_TARGET = 17.2;
				LOCALIZATION_PREFERS_STRING_CATALOGS = YES;
				MTL_ENABLE_DEBUG_INFO = INCLUDE_SOURCE;
				MTL_FAST_MATH = YES;
				ONLY_ACTIVE_ARCH = YES;
				SDKROOT = iphoneos;
				SWIFT_ACTIVE_COMPILATION_CONDITIONS = "DEBUG $(inherited)";
				SWIFT_OPTIMIZATION_LEVEL = "-Onone";
			};
			name = Debug;
		};
		729DB3312B630F0D005448FE /* Release */ = {
			isa = XCBuildConfiguration;
			buildSettings = {
				ALWAYS_SEARCH_USER_PATHS = NO;
				ASSETCATALOG_COMPILER_GENERATE_SWIFT_ASSET_SYMBOL_EXTENSIONS = YES;
				CLANG_ANALYZER_NONNULL = YES;
				CLANG_ANALYZER_NUMBER_OBJECT_CONVERSION = YES_AGGRESSIVE;
				CLANG_CXX_LANGUAGE_STANDARD = "gnu++20";
				CLANG_ENABLE_MODULES = YES;
				CLANG_ENABLE_OBJC_ARC = YES;
				CLANG_ENABLE_OBJC_WEAK = YES;
				CLANG_WARN_BLOCK_CAPTURE_AUTORELEASING = YES;
				CLANG_WARN_BOOL_CONVERSION = YES;
				CLANG_WARN_COMMA = YES;
				CLANG_WARN_CONSTANT_CONVERSION = YES;
				CLANG_WARN_DEPRECATED_OBJC_IMPLEMENTATIONS = YES;
				CLANG_WARN_DIRECT_OBJC_ISA_USAGE = YES_ERROR;
				CLANG_WARN_DOCUMENTATION_COMMENTS = YES;
				CLANG_WARN_EMPTY_BODY = YES;
				CLANG_WARN_ENUM_CONVERSION = YES;
				CLANG_WARN_INFINITE_RECURSION = YES;
				CLANG_WARN_INT_CONVERSION = YES;
				CLANG_WARN_NON_LITERAL_NULL_CONVERSION = YES;
				CLANG_WARN_OBJC_IMPLICIT_RETAIN_SELF = YES;
				CLANG_WARN_OBJC_LITERAL_CONVERSION = YES;
				CLANG_WARN_OBJC_ROOT_CLASS = YES_ERROR;
				CLANG_WARN_QUOTED_INCLUDE_IN_FRAMEWORK_HEADER = YES;
				CLANG_WARN_RANGE_LOOP_ANALYSIS = YES;
				CLANG_WARN_STRICT_PROTOTYPES = YES;
				CLANG_WARN_SUSPICIOUS_MOVE = YES;
				CLANG_WARN_UNGUARDED_AVAILABILITY = YES_AGGRESSIVE;
				CLANG_WARN_UNREACHABLE_CODE = YES;
				CLANG_WARN__DUPLICATE_METHOD_MATCH = YES;
				COPY_PHASE_STRIP = NO;
				DEBUG_INFORMATION_FORMAT = "dwarf-with-dsym";
				ENABLE_NS_ASSERTIONS = NO;
				ENABLE_STRICT_OBJC_MSGSEND = YES;
				ENABLE_USER_SCRIPT_SANDBOXING = YES;
				GCC_C_LANGUAGE_STANDARD = gnu17;
				GCC_NO_COMMON_BLOCKS = YES;
				GCC_WARN_64_TO_32_BIT_CONVERSION = YES;
				GCC_WARN_ABOUT_RETURN_TYPE = YES_ERROR;
				GCC_WARN_UNDECLARED_SELECTOR = YES;
				GCC_WARN_UNINITIALIZED_AUTOS = YES_AGGRESSIVE;
				GCC_WARN_UNUSED_FUNCTION = YES;
				GCC_WARN_UNUSED_VARIABLE = YES;
				IPHONEOS_DEPLOYMENT_TARGET = 17.2;
				LOCALIZATION_PREFERS_STRING_CATALOGS = YES;
				MTL_ENABLE_DEBUG_INFO = NO;
				MTL_FAST_MATH = YES;
				SDKROOT = iphoneos;
				SWIFT_COMPILATION_MODE = wholemodule;
				VALIDATE_PRODUCT = YES;
			};
			name = Release;
		};
		729DB3332B630F0D005448FE /* Debug */ = {
			isa = XCBuildConfiguration;
			buildSettings = {
				ASSETCATALOG_COMPILER_APPICON_NAME = AppIcon;
				ASSETCATALOG_COMPILER_GLOBAL_ACCENT_COLOR_NAME = AccentColor;
				CODE_SIGN_STYLE = Automatic;
				CURRENT_PROJECT_VERSION = 1;
				DEVELOPMENT_TEAM = WY9AX8R5R2;
				GENERATE_INFOPLIST_FILE = YES;
				INFOPLIST_FILE = Messenger/Info.plist;
				INFOPLIST_KEY_UIApplicationSupportsIndirectInputEvents = YES;
				INFOPLIST_KEY_UILaunchStoryboardName = LaunchScreen;
				INFOPLIST_KEY_UIMainStoryboardFile = Main;
				INFOPLIST_KEY_UISupportedInterfaceOrientations = UIInterfaceOrientationPortrait;
				IPHONEOS_DEPLOYMENT_TARGET = 16.6;
				LD_RUNPATH_SEARCH_PATHS = (
					"$(inherited)",
					"@executable_path/Frameworks",
				);
				MARKETING_VERSION = 1.0;
				PRODUCT_BUNDLE_IDENTIFIER = com.denisefremov.Messenger;
				PRODUCT_NAME = "$(TARGET_NAME)";
				SWIFT_EMIT_LOC_STRINGS = YES;
				SWIFT_VERSION = 5.0;
				TARGETED_DEVICE_FAMILY = "1,2";
			};
			name = Debug;
		};
		729DB3342B630F0D005448FE /* Release */ = {
			isa = XCBuildConfiguration;
			buildSettings = {
				ASSETCATALOG_COMPILER_APPICON_NAME = AppIcon;
				ASSETCATALOG_COMPILER_GLOBAL_ACCENT_COLOR_NAME = AccentColor;
				CODE_SIGN_STYLE = Automatic;
				CURRENT_PROJECT_VERSION = 1;
				DEVELOPMENT_TEAM = WY9AX8R5R2;
				GENERATE_INFOPLIST_FILE = YES;
				INFOPLIST_FILE = Messenger/Info.plist;
				INFOPLIST_KEY_UIApplicationSupportsIndirectInputEvents = YES;
				INFOPLIST_KEY_UILaunchStoryboardName = LaunchScreen;
				INFOPLIST_KEY_UIMainStoryboardFile = Main;
				INFOPLIST_KEY_UISupportedInterfaceOrientations = UIInterfaceOrientationPortrait;
				IPHONEOS_DEPLOYMENT_TARGET = 16.6;
				LD_RUNPATH_SEARCH_PATHS = (
					"$(inherited)",
					"@executable_path/Frameworks",
				);
				MARKETING_VERSION = 1.0;
				PRODUCT_BUNDLE_IDENTIFIER = com.denisefremov.Messenger;
				PRODUCT_NAME = "$(TARGET_NAME)";
				SWIFT_EMIT_LOC_STRINGS = YES;
				SWIFT_VERSION = 5.0;
				TARGETED_DEVICE_FAMILY = "1,2";
			};
			name = Release;
		};
/* End XCBuildConfiguration section */

/* Begin XCConfigurationList section */
		729DB3192B630F0B005448FE /* Build configuration list for PBXProject "Messenger" */ = {
			isa = XCConfigurationList;
			buildConfigurations = (
				729DB3302B630F0D005448FE /* Debug */,
				729DB3312B630F0D005448FE /* Release */,
			);
			defaultConfigurationIsVisible = 0;
			defaultConfigurationName = Release;
		};
		729DB3322B630F0D005448FE /* Build configuration list for PBXNativeTarget "Messenger" */ = {
			isa = XCConfigurationList;
			buildConfigurations = (
				729DB3332B630F0D005448FE /* Debug */,
				729DB3342B630F0D005448FE /* Release */,
			);
			defaultConfigurationIsVisible = 0;
			defaultConfigurationName = Release;
		};
/* End XCConfigurationList section */

/* Begin XCRemoteSwiftPackageReference section */
		7215CEF72B656893004A8ADF /* XCRemoteSwiftPackageReference "firebase-ios-sdk" */ = {
			isa = XCRemoteSwiftPackageReference;
			repositoryURL = "https://github.com/firebase/firebase-ios-sdk";
			requirement = {
				kind = upToNextMajorVersion;
				minimumVersion = 10.20.0;
			};
		};
/* End XCRemoteSwiftPackageReference section */

/* Begin XCSwiftPackageProductDependency section */
		7215CEF82B656893004A8ADF /* FirebaseAuth */ = {
			isa = XCSwiftPackageProductDependency;
			package = 7215CEF72B656893004A8ADF /* XCRemoteSwiftPackageReference "firebase-ios-sdk" */;
			productName = FirebaseAuth;
		};
		7215CEFA2B656893004A8ADF /* FirebaseDatabase */ = {
			isa = XCSwiftPackageProductDependency;
			package = 7215CEF72B656893004A8ADF /* XCRemoteSwiftPackageReference "firebase-ios-sdk" */;
			productName = FirebaseDatabase;
		};
		7215CEFC2B656893004A8ADF /* FirebaseFirestore */ = {
			isa = XCSwiftPackageProductDependency;
			package = 7215CEF72B656893004A8ADF /* XCRemoteSwiftPackageReference "firebase-ios-sdk" */;
			productName = FirebaseFirestore;
		};
		7215CEFE2B656893004A8ADF /* FirebaseFirestoreSwift */ = {
			isa = XCSwiftPackageProductDependency;
			package = 7215CEF72B656893004A8ADF /* XCRemoteSwiftPackageReference "firebase-ios-sdk" */;
			productName = FirebaseFirestoreSwift;
		};
		7215CF002B656893004A8ADF /* FirebaseStorage */ = {
			isa = XCSwiftPackageProductDependency;
			package = 7215CEF72B656893004A8ADF /* XCRemoteSwiftPackageReference "firebase-ios-sdk" */;
			productName = FirebaseStorage;
		};
		7281562F2B66DE94007665BC /* FirebaseAnalytics */ = {
			isa = XCSwiftPackageProductDependency;
			package = 7215CEF72B656893004A8ADF /* XCRemoteSwiftPackageReference "firebase-ios-sdk" */;
			productName = FirebaseAnalytics;
		};
		728156312B66DE94007665BC /* FirebaseAnalyticsOnDeviceConversion */ = {
			isa = XCSwiftPackageProductDependency;
			package = 7215CEF72B656893004A8ADF /* XCRemoteSwiftPackageReference "firebase-ios-sdk" */;
			productName = FirebaseAnalyticsOnDeviceConversion;
		};
		728156332B66DE95007665BC /* FirebaseAuth */ = {
			isa = XCSwiftPackageProductDependency;
			package = 7215CEF72B656893004A8ADF /* XCRemoteSwiftPackageReference "firebase-ios-sdk" */;
			productName = FirebaseAuth;
		};
		728156352B66DE95007665BC /* FirebaseDatabase */ = {
			isa = XCSwiftPackageProductDependency;
			package = 7215CEF72B656893004A8ADF /* XCRemoteSwiftPackageReference "firebase-ios-sdk" */;
			productName = FirebaseDatabase;
		};
		728156372B66DE95007665BC /* FirebaseFirestore */ = {
			isa = XCSwiftPackageProductDependency;
			package = 7215CEF72B656893004A8ADF /* XCRemoteSwiftPackageReference "firebase-ios-sdk" */;
			productName = FirebaseFirestore;
		};
		728156392B66DE95007665BC /* FirebaseFirestoreSwift */ = {
			isa = XCSwiftPackageProductDependency;
			package = 7215CEF72B656893004A8ADF /* XCRemoteSwiftPackageReference "firebase-ios-sdk" */;
			productName = FirebaseFirestoreSwift;
		};
		7281563B2B66DE95007665BC /* FirebaseStorage */ = {
			isa = XCSwiftPackageProductDependency;
			package = 7215CEF72B656893004A8ADF /* XCRemoteSwiftPackageReference "firebase-ios-sdk" */;
			productName = FirebaseStorage;
		};
		7281563D2B66DE95007665BC /* FirebaseStorageCombine-Community */ = {
			isa = XCSwiftPackageProductDependency;
			package = 7215CEF72B656893004A8ADF /* XCRemoteSwiftPackageReference "firebase-ios-sdk" */;
			productName = "FirebaseStorageCombine-Community";
		};
/* End XCSwiftPackageProductDependency section */
	};
	rootObject = 729DB3162B630F0B005448FE /* Project object */;
}
